
Microsoft Visual Studio Solution File, Format Version 12.00
# Visual Studio 14
VisualStudioVersion = 14.0.25123.0
MinimumVisualStudioVersion = 10.0.40219.1
Project("{FAE04EC0-301F-11D3-BF4B-00C04F79EFBC}") = "cmd-gamma", "cmd-gamma\cmd-gamma.csproj", "{B74DCBE7-BA9A-4CC2-A684-A163F7A320CA}"
EndProject
Global
	GlobalSection(SolutionConfigurationPlatforms) = preSolution
		Debug|Any CPU = Debug|Any CPU
		Release|Any CPU = Release|Any CPU
	EndGlobalSection
	GlobalSection(ProjectConfigurationPlatforms) = postSolution
		{B74DCBE7-BA9A-4CC2-A684-A163F7A320CA}.Debug|Any CPU.ActiveCfg = Debug|Any CPU
		{B74DCBE7-BA9A-4CC2-A684-A163F7A320CA}.Debug|Any CPU.Build.0 = Debug|Any CPU
		{B74DCBE7-BA9A-4CC2-A684-A163F7A320CA}.Release|Any CPU.ActiveCfg = Release|Any CPU
		{B74DCBE7-BA9A-4CC2-A684-A163F7A320CA}.Release|Any CPU.Build.0 = Release|Any CPU
	EndGlobalSection
	GlobalSection(SolutionProperties) = preSolution
		HideSolutionNode = FALSE
	EndGlobalSection
EndGlobal
